// !$*UTF8*$!
{
	archiveVersion = 1;
	classes = {
	};
	objectVersion = 46;
	objects = {

/* Begin PBXBuildFile section */
		9633D68D1C8FABA800541483 /* AppDelegate.swift in Sources */ = {isa = PBXBuildFile; fileRef = 9633D68C1C8FABA800541483 /* AppDelegate.swift */; };
		9633D6961C8FABA800541483 /* Main.storyboard in Resources */ = {isa = PBXBuildFile; fileRef = 9633D6941C8FABA800541483 /* Main.storyboard */; };
		9633D6981C8FABA800541483 /* Assets.xcassets in Resources */ = {isa = PBXBuildFile; fileRef = 9633D6971C8FABA800541483 /* Assets.xcassets */; };
		9633D69B1C8FABA800541483 /* LaunchScreen.storyboard in Resources */ = {isa = PBXBuildFile; fileRef = 9633D6991C8FABA800541483 /* LaunchScreen.storyboard */; };
		9633D6A71C8FACF500541483 /* Fabric.framework in Frameworks */ = {isa = PBXBuildFile; fileRef = 9633D6A31C8FACF500541483 /* Fabric.framework */; };
		9633D6A81C8FACF500541483 /* TwitterKit.framework in Frameworks */ = {isa = PBXBuildFile; fileRef = 9633D6A41C8FACF500541483 /* TwitterKit.framework */; };
		9633D6A91C8FACF500541483 /* TwitterKitResources.bundle in Resources */ = {isa = PBXBuildFile; fileRef = 9633D6A51C8FACF500541483 /* TwitterKitResources.bundle */; };
		9633D6AA1C8FACF500541483 /* TwitterCore.framework in Frameworks */ = {isa = PBXBuildFile; fileRef = 9633D6A61C8FACF500541483 /* TwitterCore.framework */; };
		9633D6AC1C961D9700541483 /* Crashlytics.framework in Frameworks */ = {isa = PBXBuildFile; fileRef = 9633D6AB1C961D9700541483 /* Crashlytics.framework */; };
		9633D6B01C96230400541483 /* ARTE-02.png in Resources */ = {isa = PBXBuildFile; fileRef = 9633D6AD1C96230400541483 /* ARTE-02.png */; };
		9633D6B11C96230400541483 /* ARTE-03.png in Resources */ = {isa = PBXBuildFile; fileRef = 9633D6AE1C96230400541483 /* ARTE-03.png */; };
		9633D6B21C96230400541483 /* ARTE-01.png in Resources */ = {isa = PBXBuildFile; fileRef = 9633D6AF1C96230400541483 /* ARTE-01.png */; };
		9633D6BB1C962A9400541483 /* composeTweet.swift in Sources */ = {isa = PBXBuildFile; fileRef = 9633D6BA1C962A9400541483 /* composeTweet.swift */; };
/* End PBXBuildFile section */

/* Begin PBXFileReference section */
		9633D6891C8FABA800541483 /* Arte.app */ = {isa = PBXFileReference; explicitFileType = wrapper.application; includeInIndex = 0; path = Arte.app; sourceTree = BUILT_PRODUCTS_DIR; };
		9633D68C1C8FABA800541483 /* AppDelegate.swift */ = {isa = PBXFileReference; lastKnownFileType = sourcecode.swift; path = AppDelegate.swift; sourceTree = "<group>"; };
		9633D6951C8FABA800541483 /* Base */ = {isa = PBXFileReference; lastKnownFileType = file.storyboard; name = Base; path = Base.lproj/Main.storyboard; sourceTree = "<group>"; };
		9633D6971C8FABA800541483 /* Assets.xcassets */ = {isa = PBXFileReference; lastKnownFileType = folder.assetcatalog; path = Assets.xcassets; sourceTree = "<group>"; };
		9633D69A1C8FABA800541483 /* Base */ = {isa = PBXFileReference; lastKnownFileType = file.storyboard; name = Base; path = Base.lproj/LaunchScreen.storyboard; sourceTree = "<group>"; };
		9633D69C1C8FABA800541483 /* Info.plist */ = {isa = PBXFileReference; lastKnownFileType = text.plist.xml; path = Info.plist; sourceTree = "<group>"; };
		9633D6A31C8FACF500541483 /* Fabric.framework */ = {isa = PBXFileReference; lastKnownFileType = wrapper.framework; path = Fabric.framework; sourceTree = SOURCE_ROOT; };
		9633D6A41C8FACF500541483 /* TwitterKit.framework */ = {isa = PBXFileReference; lastKnownFileType = wrapper.framework; path = TwitterKit.framework; sourceTree = SOURCE_ROOT; };
		9633D6A51C8FACF500541483 /* TwitterKitResources.bundle */ = {isa = PBXFileReference; lastKnownFileType = "wrapper.plug-in"; name = TwitterKitResources.bundle; path = TwitterKit.framework/Versions/A/Resources/TwitterKitResources.bundle; sourceTree = SOURCE_ROOT; };
		9633D6A61C8FACF500541483 /* TwitterCore.framework */ = {isa = PBXFileReference; lastKnownFileType = wrapper.framework; path = TwitterCore.framework; sourceTree = SOURCE_ROOT; };
		9633D6AB1C961D9700541483 /* Crashlytics.framework */ = {isa = PBXFileReference; lastKnownFileType = wrapper.framework; path = Crashlytics.framework; sourceTree = SOURCE_ROOT; };
		9633D6AD1C96230400541483 /* ARTE-02.png */ = {isa = PBXFileReference; lastKnownFileType = image.png; name = "ARTE-02.png"; path = "../../Dropbox/ARTE ART/ARTE-02.png"; sourceTree = "<group>"; };
		9633D6AE1C96230400541483 /* ARTE-03.png */ = {isa = PBXFileReference; lastKnownFileType = image.png; name = "ARTE-03.png"; path = "../../Dropbox/ARTE ART/ARTE-03.png"; sourceTree = "<group>"; };
		9633D6AF1C96230400541483 /* ARTE-01.png */ = {isa = PBXFileReference; lastKnownFileType = image.png; name = "ARTE-01.png"; path = "../../Dropbox/ARTE ART/ARTE-01.png"; sourceTree = "<group>"; };
		9633D6BA1C962A9400541483 /* composeTweet.swift */ = {isa = PBXFileReference; fileEncoding = 4; lastKnownFileType = sourcecode.swift; path = composeTweet.swift; sourceTree = "<group>"; };
/* End PBXFileReference section */

/* Begin PBXFrameworksBuildPhase section */
		9633D6861C8FABA800541483 /* Frameworks */ = {
			isa = PBXFrameworksBuildPhase;
			buildActionMask = 2147483647;
			files = (
				9633D6A71C8FACF500541483 /* Fabric.framework in Frameworks */,
				9633D6AA1C8FACF500541483 /* TwitterCore.framework in Frameworks */,
				9633D6AC1C961D9700541483 /* Crashlytics.framework in Frameworks */,
				9633D6A81C8FACF500541483 /* TwitterKit.framework in Frameworks */,
			);
			runOnlyForDeploymentPostprocessing = 0;
		};
/* End PBXFrameworksBuildPhase section */

/* Begin PBXGroup section */
		9633D6801C8FABA800541483 = {
			isa = PBXGroup;
			children = (
				9633D68B1C8FABA800541483 /* Arte */,
				9633D68A1C8FABA800541483 /* Products */,
				9633D6B31C96230F00541483 /* Images */,
			);
			sourceTree = "<group>";
		};
		9633D68A1C8FABA800541483 /* Products */ = {
			isa = PBXGroup;
			children = (
				9633D6891C8FABA800541483 /* Arte.app */,
			);
			name = Products;
			sourceTree = "<group>";
		};
		9633D68B1C8FABA800541483 /* Arte */ = {
			isa = PBXGroup;
			children = (
				9633D6AB1C961D9700541483 /* Crashlytics.framework */,
				9633D6A31C8FACF500541483 /* Fabric.framework */,
				9633D6A41C8FACF500541483 /* TwitterKit.framework */,
				9633D6A51C8FACF500541483 /* TwitterKitResources.bundle */,
				9633D6A61C8FACF500541483 /* TwitterCore.framework */,
				9633D68C1C8FABA800541483 /* AppDelegate.swift */,
				9633D6941C8FABA800541483 /* Main.storyboard */,
				9633D6971C8FABA800541483 /* Assets.xcassets */,
				9633D6991C8FABA800541483 /* LaunchScreen.storyboard */,
				9633D69C1C8FABA800541483 /* Info.plist */,
				9633D6BA1C962A9400541483 /* composeTweet.swift */,
			);
			path = Arte;
			sourceTree = "<group>";
		};
		9633D6B31C96230F00541483 /* Images */ = {
			isa = PBXGroup;
			children = (
				9633D6AF1C96230400541483 /* ARTE-01.png */,
				9633D6AD1C96230400541483 /* ARTE-02.png */,
				9633D6AE1C96230400541483 /* ARTE-03.png */,
			);
			name = Images;
			sourceTree = "<group>";
		};
/* End PBXGroup section */

/* Begin PBXNativeTarget section */
		9633D6881C8FABA800541483 /* Arte */ = {
			isa = PBXNativeTarget;
			buildConfigurationList = 9633D69F1C8FABA800541483 /* Build configuration list for PBXNativeTarget "Arte" */;
			buildPhases = (
				9633D6851C8FABA800541483 /* Sources */,
				9633D6861C8FABA800541483 /* Frameworks */,
				9633D6871C8FABA800541483 /* Resources */,
				9633D6A21C8FAC2500541483 /* ShellScript */,
			);
			buildRules = (
			);
			dependencies = (
			);
			name = Arte;
			productName = Arte;
			productReference = 9633D6891C8FABA800541483 /* Arte.app */;
			productType = "com.apple.product-type.application";
		};
/* End PBXNativeTarget section */

/* Begin PBXProject section */
		9633D6811C8FABA800541483 /* Project object */ = {
			isa = PBXProject;
			attributes = {
				LastSwiftUpdateCheck = 0720;
				LastUpgradeCheck = 0720;
				ORGANIZATIONNAME = JustVCreative;
				TargetAttributes = {
					9633D6881C8FABA800541483 = {
						CreatedOnToolsVersion = 7.2.1;
					};
				};
			};
			buildConfigurationList = 9633D6841C8FABA800541483 /* Build configuration list for PBXProject "Arte" */;
			compatibilityVersion = "Xcode 3.2";
			developmentRegion = English;
			hasScannedForEncodings = 0;
			knownRegions = (
				en,
				Base,
			);
			mainGroup = 9633D6801C8FABA800541483;
			productRefGroup = 9633D68A1C8FABA800541483 /* Products */;
			projectDirPath = "";
			projectRoot = "";
			targets = (
				9633D6881C8FABA800541483 /* Arte */,
			);
		};
/* End PBXProject section */

/* Begin PBXResourcesBuildPhase section */
		9633D6871C8FABA800541483 /* Resources */ = {
			isa = PBXResourcesBuildPhase;
			buildActionMask = 2147483647;
			files = (
				9633D6B11C96230400541483 /* ARTE-03.png in Resources */,
				9633D6A91C8FACF500541483 /* TwitterKitResources.bundle in Resources */,
				9633D69B1C8FABA800541483 /* LaunchScreen.storyboard in Resources */,
				9633D6981C8FABA800541483 /* Assets.xcassets in Resources */,
				9633D6B01C96230400541483 /* ARTE-02.png in Resources */,
				9633D6B21C96230400541483 /* ARTE-01.png in Resources */,
				9633D6961C8FABA800541483 /* Main.storyboard in Resources */,
			);
			runOnlyForDeploymentPostprocessing = 0;
		};
/* End PBXResourcesBuildPhase section */

/* Begin PBXShellScriptBuildPhase section */
		9633D6A21C8FAC2500541483 /* ShellScript */ = {
			isa = PBXShellScriptBuildPhase;
			buildActionMask = 12;
			files = (
			);
			inputPaths = (
			);
			outputPaths = (
			);
			runOnlyForDeploymentPostprocessing = 0;
			shellPath = /bin/sh;
			shellScript = "./Fabric.framework/run a93f380f6d92726e46495acabfc1d40e0c1e3468 115fd6a92263de81c7bc3eeb3a759244e0b0a83bdeebf85c4a875dd026dcdb0a";
		};
/* End PBXShellScriptBuildPhase section */

/* Begin PBXSourcesBuildPhase section */
		9633D6851C8FABA800541483 /* Sources */ = {
			isa = PBXSourcesBuildPhase;
			buildActionMask = 2147483647;
			files = (
				9633D6BB1C962A9400541483 /* composeTweet.swift in Sources */,
				9633D68D1C8FABA800541483 /* AppDelegate.swift in Sources */,
			);
			runOnlyForDeploymentPostprocessing = 0;
		};
/* End PBXSourcesBuildPhase section */

/* Begin PBXVariantGroup section */
		9633D6941C8FABA800541483 /* Main.storyboard */ = {
			isa = PBXVariantGroup;
			children = (
				9633D6951C8FABA800541483 /* Base */,
			);
			name = Main.storyboard;
			sourceTree = "<group>";
		};
		9633D6991C8FABA800541483 /* LaunchScreen.storyboard */ = {
			isa = PBXVariantGroup;
			children = (
				9633D69A1C8FABA800541483 /* Base */,
			);
			name = LaunchScreen.storyboard;
			sourceTree = "<group>";
		};
/* End PBXVariantGroup section */

/* Begin XCBuildConfiguration section */
		9633D69D1C8FABA800541483 /* Debug */ = {
			isa = XCBuildConfiguration;
			buildSettings = {
				ALWAYS_SEARCH_USER_PATHS = NO;
				CLANG_CXX_LANGUAGE_STANDARD = "gnu++0x";
				CLANG_CXX_LIBRARY = "libc++";
				CLANG_ENABLE_MODULES = YES;
				CLANG_ENABLE_OBJC_ARC = YES;
				CLANG_WARN_BOOL_CONVERSION = YES;
				CLANG_WARN_CONSTANT_CONVERSION = YES;
				CLANG_WARN_DIRECT_OBJC_ISA_USAGE = YES_ERROR;
				CLANG_WARN_EMPTY_BODY = YES;
				CLANG_WARN_ENUM_CONVERSION = YES;
				CLANG_WARN_INT_CONVERSION = YES;
				CLANG_WARN_OBJC_ROOT_CLASS = YES_ERROR;
				CLANG_WARN_UNREACHABLE_CODE = YES;
				CLANG_WARN__DUPLICATE_METHOD_MATCH = YES;
				"CODE_SIGN_IDENTITY[sdk=iphoneos*]" = "iPhone Developer";
				COPY_PHASE_STRIP = NO;
				DEBUG_INFORMATION_FORMAT = dwarf;
				ENABLE_STRICT_OBJC_MSGSEND = YES;
				ENABLE_TESTABILITY = YES;
				GCC_C_LANGUAGE_STANDARD = gnu99;
				GCC_DYNAMIC_NO_PIC = NO;
				GCC_NO_COMMON_BLOCKS = YES;
				GCC_OPTIMIZATION_LEVEL = 0;
				GCC_PREPROCESSOR_DEFINITIONS = (
					"DEBUG=1",
					"$(inherited)",
				);
				GCC_WARN_64_TO_32_BIT_CONVERSION = YES;
				GCC_WARN_ABOUT_RETURN_TYPE = YES_ERROR;
				GCC_WARN_UNDECLARED_SELECTOR = YES;
				GCC_WARN_UNINITIALIZED_AUTOS = YES_AGGRESSIVE;
				GCC_WARN_UNUSED_FUNCTION = YES;
				GCC_WARN_UNUSED_VARIABLE = YES;
				IPHONEOS_DEPLOYMENT_TARGET = 9.2;
				MTL_ENABLE_DEBUG_INFO = YES;
				ONLY_ACTIVE_ARCH = YES;
				SDKROOT = iphoneos;
				SWIFT_OPTIMIZATION_LEVEL = "-Onone";
			};
			name = Debug;
		};
		9633D69E1C8FABA800541483 /* Release */ = {
			isa = XCBuildConfiguration;
			buildSettings = {
				ALWAYS_SEARCH_USER_PATHS = NO;
				CLANG_CXX_LANGUAGE_STANDARD = "gnu++0x";
				CLANG_CXX_LIBRARY = "libc++";
				CLANG_ENABLE_MODULES = YES;
				CLANG_ENABLE_OBJC_ARC = YES;
				CLANG_WARN_BOOL_CONVERSION = YES;
				CLANG_WARN_CONSTANT_CONVERSION = YES;
				CLANG_WARN_DIRECT_OBJC_ISA_USAGE = YES_ERROR;
				CLANG_WARN_EMPTY_BODY = YES;
				CLANG_WARN_ENUM_CONVERSION = YES;
				CLANG_WARN_INT_CONVERSION = YES;
				CLANG_WARN_OBJC_ROOT_CLASS = YES_ERROR;
				CLANG_WARN_UNREACHABLE_CODE = YES;
				CLANG_WARN__DUPLICATE_METHOD_MATCH = YES;
				"CODE_SIGN_IDENTITY[sdk=iphoneos*]" = "iPhone Developer";
				COPY_PHASE_STRIP = NO;
				DEBUG_INFORMATION_FORMAT = "dwarf-with-dsym";
				ENABLE_NS_ASSERTIONS = NO;
				ENABLE_STRICT_OBJC_MSGSEND = YES;
				GCC_C_LANGUAGE_STANDARD = gnu99;
				GCC_NO_COMMON_BLOCKS = YES;
				GCC_WARN_64_TO_32_BIT_CONVERSION = YES;
				GCC_WARN_ABOUT_RETURN_TYPE = YES_ERROR;
				GCC_WARN_UNDECLARED_SELECTOR = YES;
				GCC_WARN_UNINITIALIZED_AUTOS = YES_AGGRESSIVE;
				GCC_WARN_UNUSED_FUNCTION = YES;
				GCC_WARN_UNUSED_VARIABLE = YES;
				IPHONEOS_DEPLOYMENT_TARGET = 9.2;
				MTL_ENABLE_DEBUG_INFO = NO;
				SDKROOT = iphoneos;
				VALIDATE_PRODUCT = YES;
			};
			name = Release;
		};
		9633D6A01C8FABA800541483 /* Debug */ = {
			isa = XCBuildConfiguration;
			buildSettings = {
				ASSETCATALOG_COMPILER_APPICON_NAME = AppIcon;
				FRAMEWORK_SEARCH_PATHS = (
					"$(inherited)",
					"$(PROJECT_DIR)",
				);
				INFOPLIST_FILE = Arte/Info.plist;
				LD_RUNPATH_SEARCH_PATHS = "$(inherited) @executable_path/Frameworks";
				PRODUCT_BUNDLE_IDENTIFIER = com.justvcreative.Arte;
				PRODUCT_NAME = "$(TARGET_NAME)";
			};
			name = Debug;
		};
		9633D6A11C8FABA800541483 /* Release */ = {
			isa = XCBuildConfiguration;
			buildSettings = {
				ASSETCATALOG_COMPILER_APPICON_NAME = AppIcon;
				FRAMEWORK_SEARCH_PATHS = (
					"$(inherited)",
					"$(PROJECT_DIR)",
				);
				INFOPLIST_FILE = Arte/Info.plist;
				LD_RUNPATH_SEARCH_PATHS = "$(inherited) @executable_path/Frameworks";
				PRODUCT_BUNDLE_IDENTIFIER = com.justvcreative.Arte;
				PRODUCT_NAME = "$(TARGET_NAME)";
			};
			name = Release;
		};
/* End XCBuildConfiguration section */

/* Begin XCConfigurationList section */
		9633D6841C8FABA800541483 /* Build configuration list for PBXProject "Arte" */ = {
			isa = XCConfigurationList;
			buildConfigurations = (
				9633D69D1C8FABA800541483 /* Debug */,
				9633D69E1C8FABA800541483 /* Release */,
			);
			defaultConfigurationIsVisible = 0;
			defaultConfigurationName = Release;
		};
		9633D69F1C8FABA800541483 /* Build configuration list for PBXNativeTarget "Arte" */ = {
			isa = XCConfigurationList;
			buildConfigurations = (
				9633D6A01C8FABA800541483 /* Debug */,
				9633D6A11C8FABA800541483 /* Release */,
			);
			defaultConfigurationIsVisible = 0;
			defaultConfigurationName = Release;
		};
/* End XCConfigurationList section */
	};
	rootObject = 9633D6811C8FABA800541483 /* Project object */;
}
